[[package]]
name = "numpy"
version = "1.21.1"
description = "NumPy is the fundamental package for array computing with Python."
category = "main"
optional = false
python-versions = ">=3.7"

[[package]]
name = "pandas"
version = "1.3.2"
description = "Powerful data structures for data analysis, time series, and statistics"
category = "main"
optional = false
python-versions = ">=3.7.1"

[package.dependencies]
numpy = ">=1.17.3"
python-dateutil = ">=2.7.3"
pytz = ">=2017.3"

[package.extras]
test = ["hypothesis (>=3.58)", "pytest (>=6.0)", "pytest-xdist"]

[[package]]
name = "pyarrow"
version = "5.0.0"
description = "Python library for Apache Arrow"
category = "main"
optional = false
python-versions = ">=3.6"

[package.dependencies]
numpy = ">=1.16.6"

[[package]]
name = "python-dateutil"
version = "2.8.2"
description = "Extensions to the standard Python datetime module"
category = "main"
optional = false
python-versions = "!=3.0.*,!=3.1.*,!=3.2.*,>=2.7"

[package.dependencies]
six = ">=1.5"

[[package]]
name = "pytz"
version = "2021.1"
description = "World timezone definitions, modern and historical"
category = "main"
optional = false
python-versions = "*"

[[package]]
name = "six"
version = "1.16.0"
description = "Python 2 and 3 compatibility utilities"
category = "main"
optional = false
python-versions = ">=2.7, !=3.0.*, !=3.1.*, !=3.2.*"

[metadata]
lock-version = "1.1"
python-versions = "^3.8"
content-hash = "24d166e93496b74e03b81ddfce1bce4510cc49caf8e4512abd026de76299d968"

[metadata.files]
numpy = [
    {file = "numpy-1.21.1-cp37-cp37m-macosx_10_9_x86_64.whl", hash = "sha256:38e8648f9449a549a7dfe8d8755a5979b45b3538520d1e735637ef28e8c2dc50"},
    {file = "numpy-1.21.1-cp37-cp37m-manylinux_2_12_i686.manylinux2010_i686.whl", hash = "sha256:fd7d7409fa643a91d0a05c7554dd68aa9c9bb16e186f6ccfe40d6e003156e33a"},
    {file = "numpy-1.21.1-cp37-cp37m-manylinux_2_12_x86_64.manylinux2010_x86_64.whl", hash = "sha256:a75b4498b1e93d8b700282dc8e655b8bd559c0904b3910b144646dbbbc03e062"},
    {file = "numpy-1.21.1-cp37-cp37m-manylinux_2_17_aarch64.manylinux2014_aarch64.whl", hash = "sha256:1412aa0aec3e00bc23fbb8664d76552b4efde98fb71f60737c83efbac24112f1"},
    {file = "numpy-1.21.1-cp37-cp37m-manylinux_2_5_i686.manylinux1_i686.whl", hash = "sha256:e46ceaff65609b5399163de5893d8f2a82d3c77d5e56d976c8b5fb01faa6b671"},
    {file = "numpy-1.21.1-cp37-cp37m-manylinux_2_5_x86_64.manylinux1_x86_64.whl", hash = "sha256:c6a2324085dd52f96498419ba95b5777e40b6bcbc20088fddb9e8cbb58885e8e"},
    {file = "numpy-1.21.1-cp37-cp37m-win32.whl", hash = "sha256:73101b2a1fef16602696d133db402a7e7586654682244344b8329cdcbbb82172"},
    {file = "numpy-1.21.1-cp37-cp37m-win_amd64.whl", hash = "sha256:7a708a79c9a9d26904d1cca8d383bf869edf6f8e7650d85dbc77b041e8c5a0f8"},
    {file = "numpy-1.21.1-cp38-cp38-macosx_10_9_universal2.whl", hash = "sha256:95b995d0c413f5d0428b3f880e8fe1660ff9396dcd1f9eedbc311f37b5652e16"},
    {file = "numpy-1.21.1-cp38-cp38-macosx_10_9_x86_64.whl", hash = "sha256:635e6bd31c9fb3d475c8f44a089569070d10a9ef18ed13738b03049280281267"},
    {file = "numpy-1.21.1-cp38-cp38-macosx_11_0_arm64.whl", hash = "sha256:4a3d5fb89bfe21be2ef47c0614b9c9c707b7362386c9a3ff1feae63e0267ccb6"},
    {file = "numpy-1.21.1-cp38-cp38-manylinux_2_12_i686.manylinux2010_i686.whl", hash = "sha256:8a326af80e86d0e9ce92bcc1e65c8ff88297de4fa14ee936cb2293d414c9ec63"},
    {file = "numpy-1.21.1-cp38-cp38-manylinux_2_12_x86_64.manylinux2010_x86_64.whl", hash = "sha256:791492091744b0fe390a6ce85cc1bf5149968ac7d5f0477288f78c89b385d9af"},
    {file = "numpy-1.21.1-cp38-cp38-manylinux_2_17_aarch64.manylinux2014_aarch64.whl", hash = "sha256:0318c465786c1f63ac05d7c4dbcecd4d2d7e13f0959b01b534ea1e92202235c5"},
    {file = "numpy-1.21.1-cp38-cp38-manylinux_2_5_i686.manylinux1_i686.whl", hash = "sha256:9a513bd9c1551894ee3d31369f9b07460ef223694098cf27d399513415855b68"},
    {file = "numpy-1.21.1-cp38-cp38-manylinux_2_5_x86_64.manylinux1_x86_64.whl", hash = "sha256:91c6f5fc58df1e0a3cc0c3a717bb3308ff850abdaa6d2d802573ee2b11f674a8"},
    {file = "numpy-1.21.1-cp38-cp38-win32.whl", hash = "sha256:978010b68e17150db8765355d1ccdd450f9fc916824e8c4e35ee620590e234cd"},
    {file = "numpy-1.21.1-cp38-cp38-win_amd64.whl", hash = "sha256:9749a40a5b22333467f02fe11edc98f022133ee1bfa8ab99bda5e5437b831214"},
    {file = "numpy-1.21.1-cp39-cp39-macosx_10_9_universal2.whl", hash = "sha256:d7a4aeac3b94af92a9373d6e77b37691b86411f9745190d2c351f410ab3a791f"},
    {file = "numpy-1.21.1-cp39-cp39-macosx_10_9_x86_64.whl", hash = "sha256:d9e7912a56108aba9b31df688a4c4f5cb0d9d3787386b87d504762b6754fbb1b"},
    {file = "numpy-1.21.1-cp39-cp39-macosx_11_0_arm64.whl", hash = "sha256:25b40b98ebdd272bc3020935427a4530b7d60dfbe1ab9381a39147834e985eac"},
    {file = "numpy-1.21.1-cp39-cp39-manylinux_2_12_i686.manylinux2010_i686.whl", hash = "sha256:8a92c5aea763d14ba9d6475803fc7904bda7decc2a0a68153f587ad82941fec1"},
    {file = "numpy-1.21.1-cp39-cp39-manylinux_2_12_x86_64.manylinux2010_x86_64.whl", hash = "sha256:05a0f648eb28bae4bcb204e6fd14603de2908de982e761a2fc78efe0f19e96e1"},
    {file = "numpy-1.21.1-cp39-cp39-manylinux_2_17_aarch64.manylinux2014_aarch64.whl", hash = "sha256:f01f28075a92eede918b965e86e8f0ba7b7797a95aa8d35e1cc8821f5fc3ad6a"},
    {file = "numpy-1.21.1-cp39-cp39-win32.whl", hash = "sha256:88c0b89ad1cc24a5efbb99ff9ab5db0f9a86e9cc50240177a571fbe9c2860ac2"},
    {file = "numpy-1.21.1-cp39-cp39-win_amd64.whl", hash = "sha256:01721eefe70544d548425a07c80be8377096a54118070b8a62476866d5208e33"},
    {file = "numpy-1.21.1-pp37-pypy37_pp73-manylinux_2_12_x86_64.manylinux2010_x86_64.whl", hash = "sha256:2d4d1de6e6fb3d28781c73fbde702ac97f03d79e4ffd6598b880b2d95d62ead4"},
    {file = "numpy-1.21.1.zip", hash = "sha256:dff4af63638afcc57a3dfb9e4b26d434a7a602d225b42d746ea7fe2edf1342fd"},
]
pandas = [
    {file = "pandas-1.3.2-cp37-cp37m-macosx_10_9_x86_64.whl", hash = "sha256:ba7ceb8abc6dbdb1e34612d1173d61e4941f1a1eb7e6f703b2633134ae6a6c89"},
    {file = "pandas-1.3.2-cp37-cp37m-manylinux_2_17_aarch64.manylinux2014_aarch64.whl", hash = "sha256:fcb71b1935249de80e3a808227189eee381d4d74a31760ced2df21eedc92a8e3"},
    {file = "pandas-1.3.2-cp37-cp37m-manylinux_2_17_x86_64.manylinux2014_x86_64.whl", hash = "sha256:fa54dc1d3e5d004a09ab0b1751473698011ddf03e14f1f59b84ad9a6ac630975"},
    {file = "pandas-1.3.2-cp37-cp37m-manylinux_2_5_i686.manylinux1_i686.manylinux_2_17_i686.manylinux2014_i686.whl", hash = "sha256:34ced9ce5d5b17b556486da7256961b55b471d64a8990b56e67a84ebeb259416"},
    {file = "pandas-1.3.2-cp37-cp37m-win32.whl", hash = "sha256:a56246de744baf646d1f3e050c4653d632bc9cd2e0605f41051fea59980e880a"},
    {file = "pandas-1.3.2-cp37-cp37m-win_amd64.whl", hash = "sha256:53b17e4debba26b7446b1e4795c19f94f0c715e288e08145e44bdd2865e819b3"},
    {file = "pandas-1.3.2-cp38-cp38-macosx_10_9_x86_64.whl", hash = "sha256:f07a9745ca075ae73a5ce116f5e58f691c0dc9de0bff163527858459df5c176f"},
    {file = "pandas-1.3.2-cp38-cp38-manylinux_2_17_aarch64.manylinux2014_aarch64.whl", hash = "sha256:c9e8e0ce5284ebebe110efd652c164ed6eab77f5de4c3533abc756302ee77765"},
    {file = "pandas-1.3.2-cp38-cp38-manylinux_2_17_x86_64.manylinux2014_x86_64.whl", hash = "sha256:59a78d7066d1c921a77e3306aa0ebf6e55396c097d5dfcc4df8defe3dcecb735"},
    {file = "pandas-1.3.2-cp38-cp38-manylinux_2_5_i686.manylinux1_i686.manylinux_2_17_i686.manylinux2014_i686.whl", hash = "sha256:132def05e73d292c949b02e7ef873debb77acc44a8b119d215921046f0c3a91d"},
    {file = "pandas-1.3.2-cp38-cp38-win32.whl", hash = "sha256:69e1b2f5811f46827722fd641fdaeedb26002bd1e504eacc7a8ec36bdc25393e"},
    {file = "pandas-1.3.2-cp38-cp38-win_amd64.whl", hash = "sha256:7996d311413379136baf0f3cf2a10e331697657c87ced3f17ac7c77f77fe34a3"},
    {file = "pandas-1.3.2-cp39-cp39-macosx_10_9_x86_64.whl", hash = "sha256:1738154049062156429a5cf2fd79a69c9f3fa4f231346a7ec6fd156cd1a9a621"},
    {file = "pandas-1.3.2-cp39-cp39-manylinux_2_17_aarch64.manylinux2014_aarch64.whl", hash = "sha256:9cce01f6d655b4add966fcd36c32c5d1fe84628e200626b3f5e2f40db2d16a0f"},
    {file = "pandas-1.3.2-cp39-cp39-manylinux_2_17_x86_64.manylinux2014_x86_64.whl", hash = "sha256:1099e2a0cd3a01ec62cca183fc1555833a2d43764950ef8cb5948c8abfc51014"},
    {file = "pandas-1.3.2-cp39-cp39-manylinux_2_5_i686.manylinux1_i686.manylinux_2_17_i686.manylinux2014_i686.whl", hash = "sha256:0cd5776be891331a3e6b425b5abeab9596abea18435c5982191356f9b24ae731"},
    {file = "pandas-1.3.2-cp39-cp39-win32.whl", hash = "sha256:66a95361b81b4ba04b699ecd2416b0591f40cd1e24c60a8bfe0d19009cfa575a"},
    {file = "pandas-1.3.2-cp39-cp39-win_amd64.whl", hash = "sha256:89f40e5d21814192802421df809f948247d39ffe171e45fe2ab4abf7bd4279d8"},
    {file = "pandas-1.3.2.tar.gz", hash = "sha256:cbcb84d63867af3411fa063af3de64902665bb5b3d40b25b2059e40603594e87"},
]
pyarrow = [
    {file = "pyarrow-5.0.0-cp36-cp36m-macosx_10_13_x86_64.whl", hash = "sha256:e9ec80f4a77057498cf4c5965389e42e7f6a618b6859e6dd615e57505c9167a6"},
    {file = "pyarrow-5.0.0-cp36-cp36m-macosx_10_9_x86_64.whl", hash = "sha256:b1453c2411b5062ba6bf6832dbc4df211ad625f678c623a2ee177aee158f199b"},
    {file = "pyarrow-5.0.0-cp36-cp36m-manylinux2010_x86_64.whl", hash = "sha256:9e04d3621b9f2f23898eed0d044203f66c156d880f02c5534a7f9947ebb1a4af"},
    {file = "pyarrow-5.0.0-cp36-cp36m-manylinux2014_aarch64.whl", hash = "sha256:64f30aa6b28b666a925d11c239344741850eb97c29d3aa0f7187918cf82494f7"},
    {file = "pyarrow-5.0.0-cp36-cp36m-manylinux2014_x86_64.whl", hash = "sha256:99c8b0f7e2ce2541dd4c0c0101d9944bb8e592ae3295fe7a2f290ab99222666d"},
    {file = "pyarrow-5.0.0-cp36-cp36m-win_amd64.whl", hash = "sha256:456a4488ae810a0569d1adf87dbc522bcc9a0e4a8d1809b934ca28c163d8edce"},
    {file = "pyarrow-5.0.0-cp37-cp37m-macosx_10_13_x86_64.whl", hash = "sha256:c5493d2414d0d690a738aac8dd6d38518d1f9b870e52e24f89d8d7eb3afd4161"},
    {file = "pyarrow-5.0.0-cp37-cp37m-macosx_10_9_x86_64.whl", hash = "sha256:1832709281efefa4f199c639e9f429678286329860188e53beeda71750775923"},
    {file = "pyarrow-5.0.0-cp37-cp37m-manylinux2010_x86_64.whl", hash = "sha256:b6387d2058d95fa48ccfedea810a768187affb62f4a3ef6595fa30bf9d1a65cf"},
    {file = "pyarrow-5.0.0-cp37-cp37m-manylinux2014_aarch64.whl", hash = "sha256:bbe2e439bec2618c74a3bb259700c8a7353dc2ea0c5a62686b6cf04a50ab1e0d"},
    {file = "pyarrow-5.0.0-cp37-cp37m-manylinux2014_x86_64.whl", hash = "sha256:5c0d1b68e67bb334a5af0cecdf9b6a702aaa4cc259c5cbb71b25bbed40fcedaf"},
    {file = "pyarrow-5.0.0-cp37-cp37m-win_amd64.whl", hash = "sha256:6e937ce4a40ea0cc7896faff96adecadd4485beb53fbf510b46858e29b2e75ae"},
    {file = "pyarrow-5.0.0-cp38-cp38-macosx_10_13_x86_64.whl", hash = "sha256:7560332e5846f0e7830b377c14c93624e24a17f91c98f0b25dafb0ca1ea6ba02"},
    {file = "pyarrow-5.0.0-cp38-cp38-macosx_10_9_x86_64.whl", hash = "sha256:53e550dec60d1ab86cba3afa1719dc179a8bc9632a0e50d9fe91499cf0a7f2bc"},
    {file = "pyarrow-5.0.0-cp38-cp38-macosx_11_0_arm64.whl", hash = "sha256:2d26186ca9748a1fb89ae6c1fa04fb343a4279b53f118734ea8096f15d66c820"},
    {file = "pyarrow-5.0.0-cp38-cp38-manylinux2010_x86_64.whl", hash = "sha256:7c4edd2bacee3eea6c8c28bddb02347f9d41a55ec9692c71c6de6e47c62a7f0d"},
    {file = "pyarrow-5.0.0-cp38-cp38-manylinux2014_aarch64.whl", hash = "sha256:601b0aabd6fb066429e706282934d4d8d38f53bdb8d82da9576be49f07eedf5c"},
    {file = "pyarrow-5.0.0-cp38-cp38-manylinux2014_x86_64.whl", hash = "sha256:ff21711f6ff3b0bc90abc8ca8169e676faeb2401ddc1a0bc1c7dc181708a3406"},
    {file = "pyarrow-5.0.0-cp38-cp38-win_amd64.whl", hash = "sha256:ed135a99975380c27077f9d0e210aea8618ed9fadcec0e71f8a3190939557afe"},
    {file = "pyarrow-5.0.0-cp39-cp39-macosx_10_13_universal2.whl", hash = "sha256:6e1f0e4374061116f40e541408a8a170c170d0a070b788717e18165ebfdd2a54"},
    {file = "pyarrow-5.0.0-cp39-cp39-macosx_10_13_x86_64.whl", hash = "sha256:4341ac0f552dc04c450751e049976940c7f4f8f2dae03685cc465ebe0a61e231"},
    {file = "pyarrow-5.0.0-cp39-cp39-macosx_10_9_x86_64.whl", hash = "sha256:c3fc856f107ca2fb3c9391d7ea33bbb33f3a1c2b4a0e2b41f7525c626214cc03"},
    {file = "pyarrow-5.0.0-cp39-cp39-macosx_11_0_arm64.whl", hash = "sha256:357605665fbefb573d40939b13a684c2490b6ed1ab4a5de8dd246db4ab02e5a4"},
    {file = "pyarrow-5.0.0-cp39-cp39-manylinux2010_x86_64.whl", hash = "sha256:f4db312e9ba80e730cefcae0a05b63ea5befc7634c28df56682b628ad8e1c25c"},
    {file = "pyarrow-5.0.0-cp39-cp39-manylinux2014_aarch64.whl", hash = "sha256:1d9485741e497ccc516cb0a0c8f56e22be55aea815be185c3f9a681323b0e614"},
    {file = "pyarrow-5.0.0-cp39-cp39-manylinux2014_x86_64.whl", hash = "sha256:b3115df938b8d7a7372911a3cb3904196194bcea8bb48911b4b3eafee3ab8d90"},
    {file = "pyarrow-5.0.0-cp39-cp39-win_amd64.whl", hash = "sha256:4d8adda1892ef4553c4804af7f67cce484f4d6371564e2d8374b8e2bc85293e2"},
    {file = "pyarrow-5.0.0.tar.gz", hash = "sha256:24e64ea33eed07441cc0e80c949e3a1b48211a1add8953268391d250f4d39922"},
]
python-dateutil = [
    {file = "python-dateutil-2.8.2.tar.gz", hash = "sha256:0123cacc1627ae19ddf3c27a5de5bd67ee4586fbdd6440d9748f8abb483d3e86"},
    {file = "python_dateutil-2.8.2-py2.py3-none-any.whl", hash = "sha256:961d03dc3453ebbc59dbdea9e4e11c5651520a876d0f4db161e8674aae935da9"},
]
pytz = [
    {file = "pytz-2021.1-py2.py3-none-any.whl", hash = "sha256:eb10ce3e7736052ed3623d49975ce333bcd712c7bb19a58b9e2089d4057d0798"},
    {file = "pytz-2021.1.tar.gz", hash = "sha256:83a4a90894bf38e243cf052c8b58f381bfe9a7a483f6a9cab140bc7f702ac4da"},
]
six = [
    {file = "six-1.16.0-py2.py3-none-any.whl", hash = "sha256:8abb2f1d86890a2dfb989f9a77cfcfd3e47c2a354b01111771326f8aa26e0254"},
    {file = "six-1.16.0.tar.gz", hash = "sha256:1e61c37477a1626458e36f7b1d82aa5c9b094fa4802892072e49de9c60c4c926"},
]
